
Microsoft Visual Studio Solution File, Format Version 12.00
# Visual Studio Version 17
VisualStudioVersion = 17.13.35919.96
MinimumVisualStudioVersion = 10.0.40219.1
Project("{FAE04EC0-301F-11D3-BF4B-00C04F79EFBC}") = "Accounting.App", "Accounting.App\Accounting.App.csproj", "{3831868C-FC17-4CAD-9572-253BDC61621E}"
EndProject
Project("{FAE04EC0-301F-11D3-BF4B-00C04F79EFBC}") = "Accounting.DataLayer", "Accounting.DataLayer\Accounting.DataLayer.csproj", "{07EF74BD-02B3-491B-B92B-535143079C49}"
EndProject
Project("{FAE04EC0-301F-11D3-BF4B-00C04F79EFBC}") = "Accounting.ViewModel", "Accounting.ViewModel\Accounting.ViewModel.csproj", "{35336489-B74A-4B07-9836-B2CB81659E40}"
EndProject
Project("{FAE04EC0-301F-11D3-BF4B-00C04F79EFBC}") = "Accounting.Business", "Accounting.Business\Accounting.Business.csproj", "{2F488D9B-C3EF-44E8-AF06-7D4D68E794C2}"
EndProject
Project("{FAE04EC0-301F-11D3-BF4B-00C04F79EFBC}") = "Accounting.Utility", "Accounting.Utility\Accounting.Utility.csproj", "{FC0B4B6C-A957-41ED-AC3D-C4770C411723}"
EndProject
Global
	GlobalSection(SolutionConfigurationPlatforms) = preSolution
		Debug|Any CPU = Debug|Any CPU
		Release|Any CPU = Release|Any CPU
	EndGlobalSection
	GlobalSection(ProjectConfigurationPlatforms) = postSolution
		{3831868C-FC17-4CAD-9572-253BDC61621E}.Debug|Any CPU.ActiveCfg = Debug|Any CPU
		{3831868C-FC17-4CAD-9572-253BDC61621E}.Debug|Any CPU.Build.0 = Debug|Any CPU
		{3831868C-FC17-4CAD-9572-253BDC61621E}.Release|Any CPU.ActiveCfg = Release|Any CPU
		{3831868C-FC17-4CAD-9572-253BDC61621E}.Release|Any CPU.Build.0 = Release|Any CPU
		{07EF74BD-02B3-491B-B92B-535143079C49}.Debug|Any CPU.ActiveCfg = Debug|Any CPU
		{07EF74BD-02B3-491B-B92B-535143079C49}.Debug|Any CPU.Build.0 = Debug|Any CPU
		{07EF74BD-02B3-491B-B92B-535143079C49}.Release|Any CPU.ActiveCfg = Release|Any CPU
		{07EF74BD-02B3-491B-B92B-535143079C49}.Release|Any CPU.Build.0 = Release|Any CPU
		{35336489-B74A-4B07-9836-B2CB81659E40}.Debug|Any CPU.ActiveCfg = Debug|Any CPU
		{35336489-B74A-4B07-9836-B2CB81659E40}.Debug|Any CPU.Build.0 = Debug|Any CPU
		{35336489-B74A-4B07-9836-B2CB81659E40}.Release|Any CPU.ActiveCfg = Release|Any CPU
		{35336489-B74A-4B07-9836-B2CB81659E40}.Release|Any CPU.Build.0 = Release|Any CPU
		{2F488D9B-C3EF-44E8-AF06-7D4D68E794C2}.Debug|Any CPU.ActiveCfg = Debug|Any CPU
		{2F488D9B-C3EF-44E8-AF06-7D4D68E794C2}.Debug|Any CPU.Build.0 = Debug|Any CPU
		{2F488D9B-C3EF-44E8-AF06-7D4D68E794C2}.Release|Any CPU.ActiveCfg = Release|Any CPU
		{2F488D9B-C3EF-44E8-AF06-7D4D68E794C2}.Release|Any CPU.Build.0 = Release|Any CPU
		{FC0B4B6C-A957-41ED-AC3D-C4770C411723}.Debug|Any CPU.ActiveCfg = Debug|Any CPU
		{FC0B4B6C-A957-41ED-AC3D-C4770C411723}.Debug|Any CPU.Build.0 = Debug|Any CPU
		{FC0B4B6C-A957-41ED-AC3D-C4770C411723}.Release|Any CPU.ActiveCfg = Release|Any CPU
		{FC0B4B6C-A957-41ED-AC3D-C4770C411723}.Release|Any CPU.Build.0 = Release|Any CPU
	EndGlobalSection
	GlobalSection(SolutionProperties) = preSolution
		HideSolutionNode = FALSE
	EndGlobalSection
	GlobalSection(ExtensibilityGlobals) = postSolution
		SolutionGuid = {E2A698B7-5CC0-4447-887B-23FC16D80E59}
	EndGlobalSection
EndGlobal
